{
  "name": "lobe-icons",
  "version": "1.0.0",
  "lockfileVersion": 3,
  "requires": true,
  "packages": {
    "": {
      "name": "lobe-icons",
      "version": "1.0.0",
      "license": "ISC",
      "dependencies": {
        "@lobehub/icons-static-svg": "^1.86.0"
      }
    },
    "node_modules/@lobehub/icons-static-svg": {
      "version": "1.86.0",
      "resolved": "https://registry.npmjs.org/@lobehub/icons-static-svg/-/icons-static-svg-1.86.0.tgz",
      "integrity": "sha512-Qiww2yiHiRxPXGa9KXgS0Ttg2wTWRDZjXZruTzdY6jgT/jbEKAUj03Tfvp5Hc1NNUmZGQ+HzdodM4mQ0DQEZ7g==",
      "license": "MIT"
    }
  }
}
